
Microsoft Visual Studio Solution File, Format Version 12.00
# Visual Studio Version 17
VisualStudioVersion = 17.4.33213.308
MinimumVisualStudioVersion = 10.0.40219.1
Project("{FAE04EC0-301F-11D3-BF4B-00C04F79EFBC}") = "SwedishBankAccounts", "SwedishBankAccounts\SwedishBankAccounts.csproj", "{1CF447C5-B860-4DF9-A76F-8F21449D4842}"
EndProject
Project("{2150E333-8FDC-42A3-9474-1A3956D46DE8}") = "Tests", "Tests", "{9656604B-AA68-4E19-91C4-D3AD8A5B7667}"
EndProject
Project("{FAE04EC0-301F-11D3-BF4B-00C04F79EFBC}") = "SwedishBankAccounts.UnitTests", "SwedishBankAccounts.UnitTests\SwedishBankAccounts.UnitTests.csproj", "{32B01955-BA32-4FFC-89A6-FC839B7D0544}"
EndProject
Global
	GlobalSection(SolutionConfigurationPlatforms) = preSolution
		Debug|Any CPU = Debug|Any CPU
		Release|Any CPU = Release|Any CPU
	EndGlobalSection
	GlobalSection(ProjectConfigurationPlatforms) = postSolution
		{1CF447C5-B860-4DF9-A76F-8F21449D4842}.Debug|Any CPU.ActiveCfg = Debug|Any CPU
		{1CF447C5-B860-4DF9-A76F-8F21449D4842}.Debug|Any CPU.Build.0 = Debug|Any CPU
		{1CF447C5-B860-4DF9-A76F-8F21449D4842}.Release|Any CPU.ActiveCfg = Release|Any CPU
		{1CF447C5-B860-4DF9-A76F-8F21449D4842}.Release|Any CPU.Build.0 = Release|Any CPU
		{32B01955-BA32-4FFC-89A6-FC839B7D0544}.Debug|Any CPU.ActiveCfg = Debug|Any CPU
		{32B01955-BA32-4FFC-89A6-FC839B7D0544}.Debug|Any CPU.Build.0 = Debug|Any CPU
		{32B01955-BA32-4FFC-89A6-FC839B7D0544}.Release|Any CPU.ActiveCfg = Release|Any CPU
		{32B01955-BA32-4FFC-89A6-FC839B7D0544}.Release|Any CPU.Build.0 = Release|Any CPU
	EndGlobalSection
	GlobalSection(SolutionProperties) = preSolution
		HideSolutionNode = FALSE
	EndGlobalSection
	GlobalSection(NestedProjects) = preSolution
		{32B01955-BA32-4FFC-89A6-FC839B7D0544} = {9656604B-AA68-4E19-91C4-D3AD8A5B7667}
	EndGlobalSection
	GlobalSection(ExtensibilityGlobals) = postSolution
		SolutionGuid = {41805FD6-BDA5-494B-95D4-2F96BEFCB33E}
	EndGlobalSection
EndGlobal
